
Microsoft Visual Studio Solution File, Format Version 12.00
# Visual Studio Version 16
VisualStudioVersion = 16.0.34601.136
MinimumVisualStudioVersion = 10.0.40219.1
Project("{FAE04EC0-301F-11D3-BF4B-00C04F79EFBC}") = "Digital Ordering System", "Digital Ordering System.csproj", "{416F03B6-B770-48D9-BEC7-9CA4902904B8}"
EndProject
Global
	GlobalSection(SolutionConfigurationPlatforms) = preSolution
		Debug|Any CPU = Debug|Any CPU
		Release|Any CPU = Release|Any CPU
	EndGlobalSection
	GlobalSection(ProjectConfigurationPlatforms) = postSolution
		{416F03B6-B770-48D9-BEC7-9CA4902904B8}.Debug|Any CPU.ActiveCfg = Debug|Any CPU
		{416F03B6-B770-48D9-BEC7-9CA4902904B8}.Debug|Any CPU.Build.0 = Debug|Any CPU
		{416F03B6-B770-48D9-BEC7-9CA4902904B8}.Release|Any CPU.ActiveCfg = Release|Any CPU
		{416F03B6-B770-48D9-BEC7-9CA4902904B8}.Release|Any CPU.Build.0 = Release|Any CPU
	EndGlobalSection
	GlobalSection(SolutionProperties) = preSolution
		HideSolutionNode = FALSE
	EndGlobalSection
	GlobalSection(ExtensibilityGlobals) = postSolution
		SolutionGuid = {E6EF61ED-264F-4119-928E-77773AA29352}
	EndGlobalSection
EndGlobal
